// !$*UTF8*$!
{
	archiveVersion = 1;
	classes = {
	};
	objectVersion = 46;
	objects = {

/* Begin PBXBuildFile section */
		BFCBD2B01AC1FDA700B66689 /* PuulTests.m in Sources */ = {isa = PBXBuildFile; fileRef = BFCBD2AF1AC1FDA700B66689 /* PuulTests.m */; };
		BFCBD30E1AC201B100B66689 /* Bolts.framework in Frameworks */ = {isa = PBXBuildFile; fileRef = BFCBD30B1AC201B100B66689 /* Bolts.framework */; };
		BFCBD30F1AC201B100B66689 /* Parse.framework in Frameworks */ = {isa = PBXBuildFile; fileRef = BFCBD30C1AC201B100B66689 /* Parse.framework */; };
		BFCBD3101AC201B100B66689 /* ParseCrashReporting.framework in Frameworks */ = {isa = PBXBuildFile; fileRef = BFCBD30D1AC201B100B66689 /* ParseCrashReporting.framework */; };
		BFCBD3121AC2025B00B66689 /* AudioToolbox.framework in Frameworks */ = {isa = PBXBuildFile; fileRef = BFCBD3111AC2025B00B66689 /* AudioToolbox.framework */; };
		BFCBD3141AC2026000B66689 /* CFNetwork.framework in Frameworks */ = {isa = PBXBuildFile; fileRef = BFCBD3131AC2026000B66689 /* CFNetwork.framework */; };
		BFCBD3161AC2026700B66689 /* CoreGraphics.framework in Frameworks */ = {isa = PBXBuildFile; fileRef = BFCBD3151AC2026700B66689 /* CoreGraphics.framework */; };
		BFCBD3181AC2026C00B66689 /* CoreLocation.framework in Frameworks */ = {isa = PBXBuildFile; fileRef = BFCBD3171AC2026C00B66689 /* CoreLocation.framework */; };
		BFCBD31A1AC2027100B66689 /* MobileCoreServices.framework in Frameworks */ = {isa = PBXBuildFile; fileRef = BFCBD3191AC2027100B66689 /* MobileCoreServices.framework */; };
		BFCBD31C1AC2027800B66689 /* QuartzCore.framework in Frameworks */ = {isa = PBXBuildFile; fileRef = BFCBD31B1AC2027800B66689 /* QuartzCore.framework */; };
		BFCBD31E1AC2028000B66689 /* Security.framework in Frameworks */ = {isa = PBXBuildFile; fileRef = BFCBD31D1AC2028000B66689 /* Security.framework */; };
		BFCBD3201AC2028500B66689 /* StoreKit.framework in Frameworks */ = {isa = PBXBuildFile; fileRef = BFCBD31F1AC2028500B66689 /* StoreKit.framework */; };
		BFCBD3221AC2028B00B66689 /* SystemConfiguration.framework in Frameworks */ = {isa = PBXBuildFile; fileRef = BFCBD3211AC2028B00B66689 /* SystemConfiguration.framework */; };
		BFCBD3241AC2029100B66689 /* libz.dylib in Frameworks */ = {isa = PBXBuildFile; fileRef = BFCBD3231AC2029100B66689 /* libz.dylib */; };
		BFCBD3261AC2029900B66689 /* libsqlite3.dylib in Frameworks */ = {isa = PBXBuildFile; fileRef = BFCBD3251AC2029900B66689 /* libsqlite3.dylib */; };
		BFF50CD51AC317CE003CF0C8 /* AppDelegate.m in Sources */ = {isa = PBXBuildFile; fileRef = BFF50CD41AC317CE003CF0C8 /* AppDelegate.m */; };
		BFF50CDA1AC317E2003CF0C8 /* PUSignUpViewController.m in Sources */ = {isa = PBXBuildFile; fileRef = BFF50CD71AC317E2003CF0C8 /* PUSignUpViewController.m */; };
		BFF50CDB1AC317E2003CF0C8 /* PUStartViewController.m in Sources */ = {isa = PBXBuildFile; fileRef = BFF50CD91AC317E2003CF0C8 /* PUStartViewController.m */; };
		BFF50CDE1AC317ED003CF0C8 /* PULoginViewController.m in Sources */ = {isa = PBXBuildFile; fileRef = BFF50CDD1AC317ED003CF0C8 /* PULoginViewController.m */; };
		BFF50CE11AC317F5003CF0C8 /* PURoute.m in Sources */ = {isa = PBXBuildFile; fileRef = BFF50CE01AC317F5003CF0C8 /* PURoute.m */; };
		BFF50CE51AC318DC003CF0C8 /* main.m in Sources */ = {isa = PBXBuildFile; fileRef = BFF50CE41AC318DC003CF0C8 /* main.m */; };
		BFF50CE91AC3191F003CF0C8 /* Info.plist in Resources */ = {isa = PBXBuildFile; fileRef = BFF50CE81AC3191F003CF0C8 /* Info.plist */; };
/* End PBXBuildFile section */

/* Begin PBXContainerItemProxy section */
		BFCBD2AA1AC1FDA700B66689 /* PBXContainerItemProxy */ = {
			isa = PBXContainerItemProxy;
			containerPortal = BFCBD2881AC1FDA600B66689 /* Project object */;
			proxyType = 1;
			remoteGlobalIDString = BFCBD28F1AC1FDA600B66689;
			remoteInfo = Puul;
		};
/* End PBXContainerItemProxy section */

/* Begin PBXFileReference section */
		BFCBD2901AC1FDA600B66689 /* Puul.app */ = {isa = PBXFileReference; explicitFileType = wrapper.application; includeInIndex = 0; path = Puul.app; sourceTree = BUILT_PRODUCTS_DIR; };
		BFCBD2A91AC1FDA700B66689 /* PuulTests.xctest */ = {isa = PBXFileReference; explicitFileType = wrapper.cfbundle; includeInIndex = 0; path = PuulTests.xctest; sourceTree = BUILT_PRODUCTS_DIR; };
		BFCBD2AE1AC1FDA700B66689 /* Info.plist */ = {isa = PBXFileReference; lastKnownFileType = text.plist.xml; path = Info.plist; sourceTree = "<group>"; };
		BFCBD2AF1AC1FDA700B66689 /* PuulTests.m */ = {isa = PBXFileReference; lastKnownFileType = sourcecode.c.objc; path = PuulTests.m; sourceTree = "<group>"; };
		BFCBD30B1AC201B100B66689 /* Bolts.framework */ = {isa = PBXFileReference; lastKnownFileType = wrapper.framework; path = Bolts.framework; sourceTree = "<group>"; };
		BFCBD30C1AC201B100B66689 /* Parse.framework */ = {isa = PBXFileReference; lastKnownFileType = wrapper.framework; path = Parse.framework; sourceTree = "<group>"; };
		BFCBD30D1AC201B100B66689 /* ParseCrashReporting.framework */ = {isa = PBXFileReference; lastKnownFileType = wrapper.framework; path = ParseCrashReporting.framework; sourceTree = "<group>"; };
		BFCBD3111AC2025B00B66689 /* AudioToolbox.framework */ = {isa = PBXFileReference; lastKnownFileType = wrapper.framework; name = AudioToolbox.framework; path = System/Library/Frameworks/AudioToolbox.framework; sourceTree = SDKROOT; };
		BFCBD3131AC2026000B66689 /* CFNetwork.framework */ = {isa = PBXFileReference; lastKnownFileType = wrapper.framework; name = CFNetwork.framework; path = System/Library/Frameworks/CFNetwork.framework; sourceTree = SDKROOT; };
		BFCBD3151AC2026700B66689 /* CoreGraphics.framework */ = {isa = PBXFileReference; lastKnownFileType = wrapper.framework; name = CoreGraphics.framework; path = System/Library/Frameworks/CoreGraphics.framework; sourceTree = SDKROOT; };
		BFCBD3171AC2026C00B66689 /* CoreLocation.framework */ = {isa = PBXFileReference; lastKnownFileType = wrapper.framework; name = CoreLocation.framework; path = System/Library/Frameworks/CoreLocation.framework; sourceTree = SDKROOT; };
		BFCBD3191AC2027100B66689 /* MobileCoreServices.framework */ = {isa = PBXFileReference; lastKnownFileType = wrapper.framework; name = MobileCoreServices.framework; path = System/Library/Frameworks/MobileCoreServices.framework; sourceTree = SDKROOT; };
		BFCBD31B1AC2027800B66689 /* QuartzCore.framework */ = {isa = PBXFileReference; lastKnownFileType = wrapper.framework; name = QuartzCore.framework; path = System/Library/Frameworks/QuartzCore.framework; sourceTree = SDKROOT; };
		BFCBD31D1AC2028000B66689 /* Security.framework */ = {isa = PBXFileReference; lastKnownFileType = wrapper.framework; name = Security.framework; path = System/Library/Frameworks/Security.framework; sourceTree = SDKROOT; };
		BFCBD31F1AC2028500B66689 /* StoreKit.framework */ = {isa = PBXFileReference; lastKnownFileType = wrapper.framework; name = StoreKit.framework; path = System/Library/Frameworks/StoreKit.framework; sourceTree = SDKROOT; };
		BFCBD3211AC2028B00B66689 /* SystemConfiguration.framework */ = {isa = PBXFileReference; lastKnownFileType = wrapper.framework; name = SystemConfiguration.framework; path = System/Library/Frameworks/SystemConfiguration.framework; sourceTree = SDKROOT; };
		BFCBD3231AC2029100B66689 /* libz.dylib */ = {isa = PBXFileReference; lastKnownFileType = "compiled.mach-o.dylib"; name = libz.dylib; path = usr/lib/libz.dylib; sourceTree = SDKROOT; };
		BFCBD3251AC2029900B66689 /* libsqlite3.dylib */ = {isa = PBXFileReference; lastKnownFileType = "compiled.mach-o.dylib"; name = libsqlite3.dylib; path = usr/lib/libsqlite3.dylib; sourceTree = SDKROOT; };
		BFF50CD31AC317CE003CF0C8 /* AppDelegate.h */ = {isa = PBXFileReference; fileEncoding = 4; lastKnownFileType = sourcecode.c.h; path = AppDelegate.h; sourceTree = "<group>"; };
		BFF50CD41AC317CE003CF0C8 /* AppDelegate.m */ = {isa = PBXFileReference; fileEncoding = 4; lastKnownFileType = sourcecode.c.objc; path = AppDelegate.m; sourceTree = "<group>"; };
		BFF50CD61AC317E2003CF0C8 /* PUSignUpViewController.h */ = {isa = PBXFileReference; fileEncoding = 4; lastKnownFileType = sourcecode.c.h; path = PUSignUpViewController.h; sourceTree = "<group>"; };
		BFF50CD71AC317E2003CF0C8 /* PUSignUpViewController.m */ = {isa = PBXFileReference; fileEncoding = 4; lastKnownFileType = sourcecode.c.objc; path = PUSignUpViewController.m; sourceTree = "<group>"; };
		BFF50CD81AC317E2003CF0C8 /* PUStartViewController.h */ = {isa = PBXFileReference; fileEncoding = 4; lastKnownFileType = sourcecode.c.h; path = PUStartViewController.h; sourceTree = "<group>"; };
		BFF50CD91AC317E2003CF0C8 /* PUStartViewController.m */ = {isa = PBXFileReference; fileEncoding = 4; lastKnownFileType = sourcecode.c.objc; path = PUStartViewController.m; sourceTree = "<group>"; };
		BFF50CDC1AC317ED003CF0C8 /* PULoginViewController.h */ = {isa = PBXFileReference; fileEncoding = 4; lastKnownFileType = sourcecode.c.h; path = PULoginViewController.h; sourceTree = "<group>"; };
		BFF50CDD1AC317ED003CF0C8 /* PULoginViewController.m */ = {isa = PBXFileReference; fileEncoding = 4; lastKnownFileType = sourcecode.c.objc; path = PULoginViewController.m; sourceTree = "<group>"; };
		BFF50CDF1AC317F5003CF0C8 /* PURoute.h */ = {isa = PBXFileReference; fileEncoding = 4; lastKnownFileType = sourcecode.c.h; path = PURoute.h; sourceTree = "<group>"; };
		BFF50CE01AC317F5003CF0C8 /* PURoute.m */ = {isa = PBXFileReference; fileEncoding = 4; lastKnownFileType = sourcecode.c.objc; path = PURoute.m; sourceTree = "<group>"; };
		BFF50CE41AC318DC003CF0C8 /* main.m */ = {isa = PBXFileReference; fileEncoding = 4; lastKnownFileType = sourcecode.c.objc; path = main.m; sourceTree = "<group>"; };
		BFF50CE81AC3191F003CF0C8 /* Info.plist */ = {isa = PBXFileReference; fileEncoding = 4; lastKnownFileType = text.plist.xml; path = Info.plist; sourceTree = "<group>"; };
/* End PBXFileReference section */

/* Begin PBXFrameworksBuildPhase section */
		BFCBD28D1AC1FDA600B66689 /* Frameworks */ = {
			isa = PBXFrameworksBuildPhase;
			buildActionMask = 2147483647;
			files = (
				BFCBD3261AC2029900B66689 /* libsqlite3.dylib in Frameworks */,
				BFCBD3241AC2029100B66689 /* libz.dylib in Frameworks */,
				BFCBD3221AC2028B00B66689 /* SystemConfiguration.framework in Frameworks */,
				BFCBD3201AC2028500B66689 /* StoreKit.framework in Frameworks */,
				BFCBD31E1AC2028000B66689 /* Security.framework in Frameworks */,
				BFCBD31C1AC2027800B66689 /* QuartzCore.framework in Frameworks */,
				BFCBD31A1AC2027100B66689 /* MobileCoreServices.framework in Frameworks */,
				BFCBD3181AC2026C00B66689 /* CoreLocation.framework in Frameworks */,
				BFCBD3161AC2026700B66689 /* CoreGraphics.framework in Frameworks */,
				BFCBD3141AC2026000B66689 /* CFNetwork.framework in Frameworks */,
				BFCBD3121AC2025B00B66689 /* AudioToolbox.framework in Frameworks */,
				BFCBD30F1AC201B100B66689 /* Parse.framework in Frameworks */,
				BFCBD3101AC201B100B66689 /* ParseCrashReporting.framework in Frameworks */,
				BFCBD30E1AC201B100B66689 /* Bolts.framework in Frameworks */,
			);
			runOnlyForDeploymentPostprocessing = 0;
		};
		BFCBD2A61AC1FDA700B66689 /* Frameworks */ = {
			isa = PBXFrameworksBuildPhase;
			buildActionMask = 2147483647;
			files = (
			);
			runOnlyForDeploymentPostprocessing = 0;
		};
/* End PBXFrameworksBuildPhase section */

/* Begin PBXGroup section */
		BFCBD2871AC1FDA600B66689 = {
			isa = PBXGroup;
			children = (
				BFCBD2B91AC1FDE700B66689 /* Frameworks */,
				BFCBD2921AC1FDA600B66689 /* Puul */,
				BFCBD2AC1AC1FDA700B66689 /* PuulTests */,
				BFCBD2911AC1FDA600B66689 /* Products */,
			);
			sourceTree = "<group>";
		};
		BFCBD2911AC1FDA600B66689 /* Products */ = {
			isa = PBXGroup;
			children = (
				BFCBD2901AC1FDA600B66689 /* Puul.app */,
				BFCBD2A91AC1FDA700B66689 /* PuulTests.xctest */,
			);
			name = Products;
			sourceTree = "<group>";
		};
		BFCBD2921AC1FDA600B66689 /* Puul */ = {
			isa = PBXGroup;
			children = (
				BFF50CD31AC317CE003CF0C8 /* AppDelegate.h */,
				BFF50CD41AC317CE003CF0C8 /* AppDelegate.m */,
				BFCBD2D91AC1FE2B00B66689 /* Model */,
				BFCBD2D81AC1FE2300B66689 /* View Controllers */,
				BFCBD2931AC1FDA600B66689 /* Supporting Files */,
			);
			path = Puul;
			sourceTree = "<group>";
		};
		BFCBD2931AC1FDA600B66689 /* Supporting Files */ = {
			isa = PBXGroup;
			children = (
				BFF50CE81AC3191F003CF0C8 /* Info.plist */,
				BFF50CE41AC318DC003CF0C8 /* main.m */,
			);
			name = "Supporting Files";
			sourceTree = "<group>";
		};
		BFCBD2AC1AC1FDA700B66689 /* PuulTests */ = {
			isa = PBXGroup;
			children = (
				BFCBD2AF1AC1FDA700B66689 /* PuulTests.m */,
				BFCBD2AD1AC1FDA700B66689 /* Supporting Files */,
			);
			path = PuulTests;
			sourceTree = "<group>";
		};
		BFCBD2AD1AC1FDA700B66689 /* Supporting Files */ = {
			isa = PBXGroup;
			children = (
				BFCBD2AE1AC1FDA700B66689 /* Info.plist */,
			);
			name = "Supporting Files";
			sourceTree = "<group>";
		};
		BFCBD2B91AC1FDE700B66689 /* Frameworks */ = {
			isa = PBXGroup;
			children = (
				BFCBD3251AC2029900B66689 /* libsqlite3.dylib */,
				BFCBD3231AC2029100B66689 /* libz.dylib */,
				BFCBD3211AC2028B00B66689 /* SystemConfiguration.framework */,
				BFCBD31F1AC2028500B66689 /* StoreKit.framework */,
				BFCBD31D1AC2028000B66689 /* Security.framework */,
				BFCBD31B1AC2027800B66689 /* QuartzCore.framework */,
				BFCBD3191AC2027100B66689 /* MobileCoreServices.framework */,
				BFCBD3171AC2026C00B66689 /* CoreLocation.framework */,
				BFCBD3151AC2026700B66689 /* CoreGraphics.framework */,
				BFCBD3131AC2026000B66689 /* CFNetwork.framework */,
				BFCBD3111AC2025B00B66689 /* AudioToolbox.framework */,
				BFCBD30B1AC201B100B66689 /* Bolts.framework */,
				BFCBD30C1AC201B100B66689 /* Parse.framework */,
				BFCBD30D1AC201B100B66689 /* ParseCrashReporting.framework */,
			);
			name = Frameworks;
			sourceTree = "<group>";
		};
		BFCBD2D81AC1FE2300B66689 /* View Controllers */ = {
			isa = PBXGroup;
			children = (
				BFF50CDC1AC317ED003CF0C8 /* PULoginViewController.h */,
				BFF50CDD1AC317ED003CF0C8 /* PULoginViewController.m */,
				BFF50CD61AC317E2003CF0C8 /* PUSignUpViewController.h */,
				BFF50CD71AC317E2003CF0C8 /* PUSignUpViewController.m */,
				BFF50CD81AC317E2003CF0C8 /* PUStartViewController.h */,
				BFF50CD91AC317E2003CF0C8 /* PUStartViewController.m */,
			);
			name = "View Controllers";
			sourceTree = "<group>";
		};
		BFCBD2D91AC1FE2B00B66689 /* Model */ = {
			isa = PBXGroup;
			children = (
				BFF50CDF1AC317F5003CF0C8 /* PURoute.h */,
				BFF50CE01AC317F5003CF0C8 /* PURoute.m */,
			);
			name = Model;
			sourceTree = "<group>";
		};
/* End PBXGroup section */

/* Begin PBXNativeTarget section */
		BFCBD28F1AC1FDA600B66689 /* Puul */ = {
			isa = PBXNativeTarget;
			buildConfigurationList = BFCBD2B31AC1FDA700B66689 /* Build configuration list for PBXNativeTarget "Puul" */;
			buildPhases = (
				BFCBD28C1AC1FDA600B66689 /* Sources */,
				BFCBD28D1AC1FDA600B66689 /* Frameworks */,
				BFCBD28E1AC1FDA600B66689 /* Resources */,
			);
			buildRules = (
			);
			dependencies = (
			);
			name = Puul;
			productName = Puul;
			productReference = BFCBD2901AC1FDA600B66689 /* Puul.app */;
			productType = "com.apple.product-type.application";
		};
		BFCBD2A81AC1FDA700B66689 /* PuulTests */ = {
			isa = PBXNativeTarget;
			buildConfigurationList = BFCBD2B61AC1FDA700B66689 /* Build configuration list for PBXNativeTarget "PuulTests" */;
			buildPhases = (
				BFCBD2A51AC1FDA700B66689 /* Sources */,
				BFCBD2A61AC1FDA700B66689 /* Frameworks */,
				BFCBD2A71AC1FDA700B66689 /* Resources */,
			);
			buildRules = (
			);
			dependencies = (
				BFCBD2AB1AC1FDA700B66689 /* PBXTargetDependency */,
			);
			name = PuulTests;
			productName = PuulTests;
			productReference = BFCBD2A91AC1FDA700B66689 /* PuulTests.xctest */;
			productType = "com.apple.product-type.bundle.unit-test";
		};
/* End PBXNativeTarget section */

/* Begin PBXProject section */
		BFCBD2881AC1FDA600B66689 /* Project object */ = {
			isa = PBXProject;
			attributes = {
				LastUpgradeCheck = 0610;
				ORGANIZATIONNAME = "Dylan Humphrey";
				TargetAttributes = {
					BFCBD28F1AC1FDA600B66689 = {
						CreatedOnToolsVersion = 6.1.1;
					};
					BFCBD2A81AC1FDA700B66689 = {
						CreatedOnToolsVersion = 6.1.1;
						TestTargetID = BFCBD28F1AC1FDA600B66689;
					};
				};
			};
			buildConfigurationList = BFCBD28B1AC1FDA600B66689 /* Build configuration list for PBXProject "Puul" */;
			compatibilityVersion = "Xcode 3.2";
			developmentRegion = English;
			hasScannedForEncodings = 0;
			knownRegions = (
				en,
				Base,
			);
			mainGroup = BFCBD2871AC1FDA600B66689;
			productRefGroup = BFCBD2911AC1FDA600B66689 /* Products */;
			projectDirPath = "";
			projectRoot = "";
			targets = (
				BFCBD28F1AC1FDA600B66689 /* Puul */,
				BFCBD2A81AC1FDA700B66689 /* PuulTests */,
			);
		};
/* End PBXProject section */

/* Begin PBXResourcesBuildPhase section */
		BFCBD28E1AC1FDA600B66689 /* Resources */ = {
			isa = PBXResourcesBuildPhase;
			buildActionMask = 2147483647;
			files = (
				BFF50CE91AC3191F003CF0C8 /* Info.plist in Resources */,
			);
			runOnlyForDeploymentPostprocessing = 0;
		};
		BFCBD2A71AC1FDA700B66689 /* Resources */ = {
			isa = PBXResourcesBuildPhase;
			buildActionMask = 2147483647;
			files = (
			);
			runOnlyForDeploymentPostprocessing = 0;
		};
/* End PBXResourcesBuildPhase section */

/* Begin PBXSourcesBuildPhase section */
		BFCBD28C1AC1FDA600B66689 /* Sources */ = {
			isa = PBXSourcesBuildPhase;
			buildActionMask = 2147483647;
			files = (
				BFF50CDA1AC317E2003CF0C8 /* PUSignUpViewController.m in Sources */,
				BFF50CDB1AC317E2003CF0C8 /* PUStartViewController.m in Sources */,
				BFF50CE11AC317F5003CF0C8 /* PURoute.m in Sources */,
				BFF50CD51AC317CE003CF0C8 /* AppDelegate.m in Sources */,
				BFF50CE51AC318DC003CF0C8 /* main.m in Sources */,
				BFF50CDE1AC317ED003CF0C8 /* PULoginViewController.m in Sources */,
			);
			runOnlyForDeploymentPostprocessing = 0;
		};
		BFCBD2A51AC1FDA700B66689 /* Sources */ = {
			isa = PBXSourcesBuildPhase;
			buildActionMask = 2147483647;
			files = (
				BFCBD2B01AC1FDA700B66689 /* PuulTests.m in Sources */,
			);
			runOnlyForDeploymentPostprocessing = 0;
		};
/* End PBXSourcesBuildPhase section */

/* Begin PBXTargetDependency section */
		BFCBD2AB1AC1FDA700B66689 /* PBXTargetDependency */ = {
			isa = PBXTargetDependency;
			target = BFCBD28F1AC1FDA600B66689 /* Puul */;
			targetProxy = BFCBD2AA1AC1FDA700B66689 /* PBXContainerItemProxy */;
		};
/* End PBXTargetDependency section */

/* Begin XCBuildConfiguration section */
		BFCBD2B11AC1FDA700B66689 /* Debug */ = {
			isa = XCBuildConfiguration;
			buildSettings = {
				ALWAYS_SEARCH_USER_PATHS = NO;
				CLANG_CXX_LANGUAGE_STANDARD = "gnu++0x";
				CLANG_CXX_LIBRARY = "libc++";
				CLANG_ENABLE_MODULES = YES;
				CLANG_ENABLE_OBJC_ARC = YES;
				CLANG_WARN_BOOL_CONVERSION = YES;
				CLANG_WARN_CONSTANT_CONVERSION = YES;
				CLANG_WARN_DIRECT_OBJC_ISA_USAGE = YES_ERROR;
				CLANG_WARN_EMPTY_BODY = YES;
				CLANG_WARN_ENUM_CONVERSION = YES;
				CLANG_WARN_INT_CONVERSION = YES;
				CLANG_WARN_OBJC_ROOT_CLASS = YES_ERROR;
				CLANG_WARN_UNREACHABLE_CODE = YES;
				CLANG_WARN__DUPLICATE_METHOD_MATCH = YES;
				"CODE_SIGN_IDENTITY[sdk=iphoneos*]" = "iPhone Developer";
				COPY_PHASE_STRIP = NO;
				ENABLE_STRICT_OBJC_MSGSEND = YES;
				GCC_C_LANGUAGE_STANDARD = gnu99;
				GCC_DYNAMIC_NO_PIC = NO;
				GCC_OPTIMIZATION_LEVEL = 0;
				GCC_PREPROCESSOR_DEFINITIONS = (
					"DEBUG=1",
					"$(inherited)",
				);
				GCC_SYMBOLS_PRIVATE_EXTERN = NO;
				GCC_WARN_64_TO_32_BIT_CONVERSION = YES;
				GCC_WARN_ABOUT_RETURN_TYPE = YES_ERROR;
				GCC_WARN_UNDECLARED_SELECTOR = YES;
				GCC_WARN_UNINITIALIZED_AUTOS = YES_AGGRESSIVE;
				GCC_WARN_UNUSED_FUNCTION = YES;
				GCC_WARN_UNUSED_VARIABLE = YES;
				IPHONEOS_DEPLOYMENT_TARGET = 8.1;
				MTL_ENABLE_DEBUG_INFO = YES;
				ONLY_ACTIVE_ARCH = YES;
				SDKROOT = iphoneos;
			};
			name = Debug;
		};
		BFCBD2B21AC1FDA700B66689 /* Release */ = {
			isa = XCBuildConfiguration;
			buildSettings = {
				ALWAYS_SEARCH_USER_PATHS = NO;
				CLANG_CXX_LANGUAGE_STANDARD = "gnu++0x";
				CLANG_CXX_LIBRARY = "libc++";
				CLANG_ENABLE_MODULES = YES;
				CLANG_ENABLE_OBJC_ARC = YES;
				CLANG_WARN_BOOL_CONVERSION = YES;
				CLANG_WARN_CONSTANT_CONVERSION = YES;
				CLANG_WARN_DIRECT_OBJC_ISA_USAGE = YES_ERROR;
				CLANG_WARN_EMPTY_BODY = YES;
				CLANG_WARN_ENUM_CONVERSION = YES;
				CLANG_WARN_INT_CONVERSION = YES;
				CLANG_WARN_OBJC_ROOT_CLASS = YES_ERROR;
				CLANG_WARN_UNREACHABLE_CODE = YES;
				CLANG_WARN__DUPLICATE_METHOD_MATCH = YES;
				"CODE_SIGN_IDENTITY[sdk=iphoneos*]" = "iPhone Developer";
				COPY_PHASE_STRIP = YES;
				ENABLE_NS_ASSERTIONS = NO;
				ENABLE_STRICT_OBJC_MSGSEND = YES;
				GCC_C_LANGUAGE_STANDARD = gnu99;
				GCC_WARN_64_TO_32_BIT_CONVERSION = YES;
				GCC_WARN_ABOUT_RETURN_TYPE = YES_ERROR;
				GCC_WARN_UNDECLARED_SELECTOR = YES;
				GCC_WARN_UNINITIALIZED_AUTOS = YES_AGGRESSIVE;
				GCC_WARN_UNUSED_FUNCTION = YES;
				GCC_WARN_UNUSED_VARIABLE = YES;
				IPHONEOS_DEPLOYMENT_TARGET = 8.1;
				MTL_ENABLE_DEBUG_INFO = NO;
				SDKROOT = iphoneos;
				VALIDATE_PRODUCT = YES;
			};
			name = Release;
		};
		BFCBD2B41AC1FDA700B66689 /* Debug */ = {
			isa = XCBuildConfiguration;
			buildSettings = {
				ASSETCATALOG_COMPILER_APPICON_NAME = AppIcon;
				FRAMEWORK_SEARCH_PATHS = (
					"$(inherited)",
					"$(PROJECT_DIR)",
				);
				INFOPLIST_FILE = Puul/Info.plist;
				LD_RUNPATH_SEARCH_PATHS = "$(inherited) @executable_path/Frameworks";
				LIBRARY_SEARCH_PATHS = (
					"$(inherited)",
					"$(PROJECT_DIR)",
				);
				PRODUCT_NAME = "$(TARGET_NAME)";
			};
			name = Debug;
		};
		BFCBD2B51AC1FDA700B66689 /* Release */ = {
			isa = XCBuildConfiguration;
			buildSettings = {
				ASSETCATALOG_COMPILER_APPICON_NAME = AppIcon;
				FRAMEWORK_SEARCH_PATHS = (
					"$(inherited)",
					"$(PROJECT_DIR)",
				);
				INFOPLIST_FILE = Puul/Info.plist;
				LD_RUNPATH_SEARCH_PATHS = "$(inherited) @executable_path/Frameworks";
				LIBRARY_SEARCH_PATHS = (
					"$(inherited)",
					"$(PROJECT_DIR)",
				);
				PRODUCT_NAME = "$(TARGET_NAME)";
			};
			name = Release;
		};
		BFCBD2B71AC1FDA700B66689 /* Debug */ = {
			isa = XCBuildConfiguration;
			buildSettings = {
				BUNDLE_LOADER = "$(TEST_HOST)";
				FRAMEWORK_SEARCH_PATHS = (
					"$(SDKROOT)/Developer/Library/Frameworks",
					"$(inherited)",
				);
				GCC_PREPROCESSOR_DEFINITIONS = (
					"DEBUG=1",
					"$(inherited)",
				);
				INFOPLIST_FILE = PuulTests/Info.plist;
				LD_RUNPATH_SEARCH_PATHS = "$(inherited) @executable_path/Frameworks @loader_path/Frameworks";
				PRODUCT_NAME = "$(TARGET_NAME)";
				TEST_HOST = "$(BUILT_PRODUCTS_DIR)/Puul.app/Puul";
			};
			name = Debug;
		};
		BFCBD2B81AC1FDA700B66689 /* Release */ = {
			isa = XCBuildConfiguration;
			buildSettings = {
				BUNDLE_LOADER = "$(TEST_HOST)";
				FRAMEWORK_SEARCH_PATHS = (
					"$(SDKROOT)/Developer/Library/Frameworks",
					"$(inherited)",
				);
				INFOPLIST_FILE = PuulTests/Info.plist;
				LD_RUNPATH_SEARCH_PATHS = "$(inherited) @executable_path/Frameworks @loader_path/Frameworks";
				PRODUCT_NAME = "$(TARGET_NAME)";
				TEST_HOST = "$(BUILT_PRODUCTS_DIR)/Puul.app/Puul";
			};
			name = Release;
		};
/* End XCBuildConfiguration section */

/* Begin XCConfigurationList section */
		BFCBD28B1AC1FDA600B66689 /* Build configuration list for PBXProject "Puul" */ = {
			isa = XCConfigurationList;
			buildConfigurations = (
				BFCBD2B11AC1FDA700B66689 /* Debug */,
				BFCBD2B21AC1FDA700B66689 /* Release */,
			);
			defaultConfigurationIsVisible = 0;
			defaultConfigurationName = Release;
		};
		BFCBD2B31AC1FDA700B66689 /* Build configuration list for PBXNativeTarget "Puul" */ = {
			isa = XCConfigurationList;
			buildConfigurations = (
				BFCBD2B41AC1FDA700B66689 /* Debug */,
				BFCBD2B51AC1FDA700B66689 /* Release */,
			);
			defaultConfigurationIsVisible = 0;
			defaultConfigurationName = Release;
		};
		BFCBD2B61AC1FDA700B66689 /* Build configuration list for PBXNativeTarget "PuulTests" */ = {
			isa = XCConfigurationList;
			buildConfigurations = (
				BFCBD2B71AC1FDA700B66689 /* Debug */,
				BFCBD2B81AC1FDA700B66689 /* Release */,
			);
			defaultConfigurationIsVisible = 0;
			defaultConfigurationName = Release;
		};
/* End XCConfigurationList section */
	};
	rootObject = BFCBD2881AC1FDA600B66689 /* Project object */;
}
